Microsoft Visual Studio Solution File, Format Version 12.00
# Visual Studio Version 17
VisualStudioVersion = 17.5.2.0
MinimumVisualStudioVersion = 10.0.40219.1
Project("{FAE04EC0-301F-11D3-BF4B-00C04F79EFBC}") = "ESTUDOS-CSHARP-LINQ", "ESTUDOS-CSHARP-LINQ.csproj", "{3FEB50E5-2E6F-E1EC-3BA1-C62F2A9879E5}"
EndProject
Global
	GlobalSection(SolutionConfigurationPlatforms) = preSolution
		Debug|Any CPU = Debug|Any CPU
		Release|Any CPU = Release|Any CPU
	EndGlobalSection
	GlobalSection(ProjectConfigurationPlatforms) = postSolution
		{3FEB50E5-2E6F-E1EC-3BA1-C62F2A9879E5}.Debug|Any CPU.ActiveCfg = Debug|Any CPU
		{3FEB50E5-2E6F-E1EC-3BA1-C62F2A9879E5}.Debug|Any CPU.Build.0 = Debug|Any CPU
		{3FEB50E5-2E6F-E1EC-3BA1-C62F2A9879E5}.Release|Any CPU.ActiveCfg = Release|Any CPU
		{3FEB50E5-2E6F-E1EC-3BA1-C62F2A9879E5}.Release|Any CPU.Build.0 = Release|Any CPU
	EndGlobalSection
	GlobalSection(SolutionProperties) = preSolution
		HideSolutionNode = FALSE
	EndGlobalSection
	GlobalSection(ExtensibilityGlobals) = postSolution
		SolutionGuid = {3F02487D-1647-42FC-8BA7-D61FD40AB478}
	EndGlobalSection
EndGlobal
